// !$*UTF8*$!
{
	archiveVersion = 1;
	classes = {
	};
	objectVersion = 77;
	objects = {

/* Begin PBXBuildFile section */
		02F29B388BCDBE62DE4D9BA9 /* ContextRetrievalServiceTests.swift in Sources */ = {isa = PBXBuildFile; fileRef = 586F11A59BDDC92364E9621D /* ContextRetrievalServiceTests.swift */; };
		20F0985950844D091048A3B7 /* FileNode.swift in Sources */ = {isa = PBXBuildFile; fileRef = 6B66AB3510BE9C8CB76F77AA /* FileNode.swift */; };
		2429BF8B883D21D846F91E67 /* WebNavigationPolicyTests.swift in Sources */ = {isa = PBXBuildFile; fileRef = 536A02BBFAB8C11AB049EFF7 /* WebNavigationPolicyTests.swift */; };
		27D4B4DBEE3EB356EDC6913A /* DiagramStudioApp.swift in Sources */ = {isa = PBXBuildFile; fileRef = 7921B0E18EB1E08CFBA0CBBC /* DiagramStudioApp.swift */; };
		281430495EBCF38FA09E19B2 /* SQLiteContextStoreTests.swift in Sources */ = {isa = PBXBuildFile; fileRef = 70A804F4674945E90A0E8DDA /* SQLiteContextStoreTests.swift */; };
		29CEFB57A6EED824AA4EB65F /* EditorWebView.swift in Sources */ = {isa = PBXBuildFile; fileRef = FAE12895FE1C739594BC406F /* EditorWebView.swift */; };
		4A6EA784FF16880EB0CE8620 /* WorkspaceFileServiceTests.swift in Sources */ = {isa = PBXBuildFile; fileRef = EFB00097324E1DD88BD544DA /* WorkspaceFileServiceTests.swift */; };
		4B4ECB3526FCF1E3FB4AD5DC /* DiagramFormat.swift in Sources */ = {isa = PBXBuildFile; fileRef = 494DBCA97227E2688BE1B680 /* DiagramFormat.swift */; };
		509D8CBCD6CB7A3EE03FF7F6 /* Web in Resources */ = {isa = PBXBuildFile; fileRef = 0DD5AB6E0F3F537B2FAB6FF0 /* Web */; };
		512CB7A50925589272F666F6 /* libsqlite3.tbd in Frameworks */ = {isa = PBXBuildFile; fileRef = E5730C4A9ACD267F69ECD38E /* libsqlite3.tbd */; };
		54D0DA53E6BDBF3682EAA15F /* ContextSection.swift in Sources */ = {isa = PBXBuildFile; fileRef = 4B7A0505121C9516D7B83EB3 /* ContextSection.swift */; };
		559B24A65594EE55590F2CB7 /* FileTreeView.swift in Sources */ = {isa = PBXBuildFile; fileRef = 37AA768698AAEF13793ED067 /* FileTreeView.swift */; };
		56A69E0D853F7FCF96FFBCB7 /* BookmarkStoreTests.swift in Sources */ = {isa = PBXBuildFile; fileRef = CA10F8B848DECC3EF69316BE /* BookmarkStoreTests.swift */; };
		5F1949031D70097E4F991A83 /* WorkspaceStoreTests.swift in Sources */ = {isa = PBXBuildFile; fileRef = 0ADD42A87899F04102144544 /* WorkspaceStoreTests.swift */; };
		697FF4C44651A6CF3ACB5B7D /* ContextCaptureServiceTests.swift in Sources */ = {isa = PBXBuildFile; fileRef = 4057E6A9D0D0E57064592042 /* ContextCaptureServiceTests.swift */; };
		69EBBD8E947204C7A01A94AE /* BridgeProtocolTests.swift in Sources */ = {isa = PBXBuildFile; fileRef = D7B5F9D00D3785E431F46C0E /* BridgeProtocolTests.swift */; };
		6D109E26625E5CC1D4F4589A /* ContextRetrievalService.swift in Sources */ = {isa = PBXBuildFile; fileRef = 3A8CC23ED42087DEDA726539 /* ContextRetrievalService.swift */; };
		6F1169368F8AAB1E003CFFF9 /* EditorTab.swift in Sources */ = {isa = PBXBuildFile; fileRef = EAB7F192CCA1D4972B28EB8A /* EditorTab.swift */; };
		7A2EA674AE5C827D85ED5BB4 /* DiagramStudioUITests.swift in Sources */ = {isa = PBXBuildFile; fileRef = D2EAB3ECBD0CE9FFFBD683EF /* DiagramStudioUITests.swift */; };
		80DD1F5AF3D16ED7FCE0478F /* ContextCaptureService.swift in Sources */ = {isa = PBXBuildFile; fileRef = 6F1D5481668E9282CD8ED3AB /* ContextCaptureService.swift */; };
		85294D78D69EB9759896DB4E /* FolderWatcher.swift in Sources */ = {isa = PBXBuildFile; fileRef = F112C90B8B8789B141975476 /* FolderWatcher.swift */; };
		87D94A52A87DD30B30352636 /* SQLiteContextStore.swift in Sources */ = {isa = PBXBuildFile; fileRef = 92A1A570857BA0D5E5F3BE3C /* SQLiteContextStore.swift */; };
		890A5B59E02D8C9D5B5A8748 /* WorkspaceStore.swift in Sources */ = {isa = PBXBuildFile; fileRef = 95D317CC1FEBB4CD54DA81BC /* WorkspaceStore.swift */; };
		8B49F54F0AA1FC8646DC708E /* TabBarView.swift in Sources */ = {isa = PBXBuildFile; fileRef = 7A8B4EFD2DFD21B50697E4B2 /* TabBarView.swift */; };
		A7FD66A16768C73B6ABB4AE9 /* EditorWebViewController.swift in Sources */ = {isa = PBXBuildFile; fileRef = DD2D37175071D24A62A47B54 /* EditorWebViewController.swift */; };
		AC49239BEC7D7A89E999F1C4 /* WorkspaceView.swift in Sources */ = {isa = PBXBuildFile; fileRef = D270E2FC172C9701CCC121D3 /* WorkspaceView.swift */; };
		ADC19B2FC82C077BBA358CA2 /* WorkspaceFileService.swift in Sources */ = {isa = PBXBuildFile; fileRef = 1BA36B700B6C8352BDDD8046 /* WorkspaceFileService.swift */; };
		AEDE2A2E258DC2802ADE25C1 /* SecurityScopedBookmarkStore.swift in Sources */ = {isa = PBXBuildFile; fileRef = 77D034ABF102A2DD79ADE1D9 /* SecurityScopedBookmarkStore.swift */; };
		B3E91E9C373085716B72A168 /* BridgeProtocol.swift in Sources */ = {isa = PBXBuildFile; fileRef = DA574FAA12A1C0FDA83A561E /* BridgeProtocol.swift */; };
		BBAF34BAC80AD453726B7AAF /* IntegrationWorkflowTests.swift in Sources */ = {isa = PBXBuildFile; fileRef = FD3D324FD8A77CD9501F1744 /* IntegrationWorkflowTests.swift */; };
		D8AFC32B7EAFECE858B69D46 /* ContextCapture.swift in Sources */ = {isa = PBXBuildFile; fileRef = 829D31D54046FF71C0DC91B9 /* ContextCapture.swift */; };
		DF52ECB870ADCEE4733D5B1E /* DiagramFormatTests.swift in Sources */ = {isa = PBXBuildFile; fileRef = 4752C0C040DE82DE9D7FD5CE /* DiagramFormatTests.swift */; };
		EAC7A6886A6E30F7DC76E76D /* AppLifecycleDelegate.swift in Sources */ = {isa = PBXBuildFile; fileRef = 50BD6DCD14A324F7BCA88504 /* AppLifecycleDelegate.swift */; };
/* End PBXBuildFile section */

/* Begin PBXContainerItemProxy section */
		B434C6AFDDE3BB5BCF73FF1C /* PBXContainerItemProxy */ = {
			isa = PBXContainerItemProxy;
			containerPortal = 5A0792586BEF9BAACF029385 /* Project object */;
			proxyType = 1;
			remoteGlobalIDString = FD927BECC14663F946DA7E35;
			remoteInfo = DiagramStudio;
		};
		B539362B9ACCBB4474C36B80 /* PBXContainerItemProxy */ = {
			isa = PBXContainerItemProxy;
			containerPortal = 5A0792586BEF9BAACF029385 /* Project object */;
			proxyType = 1;
			remoteGlobalIDString = FD927BECC14663F946DA7E35;
			remoteInfo = DiagramStudio;
		};
/* End PBXContainerItemProxy section */

/* Begin PBXFileReference section */
		0611E7904D11B7941B75B2B9 /* DiagramStudioTests.xctest */ = {isa = PBXFileReference; explicitFileType = wrapper.cfbundle; includeInIndex = 0; path = DiagramStudioTests.xctest; sourceTree = BUILT_PRODUCTS_DIR; };
		0ADD42A87899F04102144544 /* WorkspaceStoreTests.swift */ = {isa = PBXFileReference; lastKnownFileType = sourcecode.swift; path = WorkspaceStoreTests.swift; sourceTree = "<group>"; };
		0D9A96CAA94E786C383EA3BE /* DiagramStudio.app */ = {isa = PBXFileReference; explicitFileType = wrapper.application; includeInIndex = 0; path = DiagramStudio.app; sourceTree = BUILT_PRODUCTS_DIR; };
		0DCAD3752E631F6C5E38DF03 /* DiagramStudioUITests.xctest */ = {isa = PBXFileReference; explicitFileType = wrapper.cfbundle; includeInIndex = 0; path = DiagramStudioUITests.xctest; sourceTree = BUILT_PRODUCTS_DIR; };
		0DD5AB6E0F3F537B2FAB6FF0 /* Web */ = {isa = PBXFileReference; lastKnownFileType = folder; name = Web; path = DiagramStudio/Sources/DiagramStudio/Resources/Web; sourceTree = SOURCE_ROOT; };
		1BA36B700B6C8352BDDD8046 /* WorkspaceFileService.swift */ = {isa = PBXFileReference; lastKnownFileType = sourcecode.swift; path = WorkspaceFileService.swift; sourceTree = "<group>"; };
		37AA768698AAEF13793ED067 /* FileTreeView.swift */ = {isa = PBXFileReference; lastKnownFileType = sourcecode.swift; path = FileTreeView.swift; sourceTree = "<group>"; };
		3A8CC23ED42087DEDA726539 /* ContextRetrievalService.swift */ = {isa = PBXFileReference; lastKnownFileType = sourcecode.swift; path = ContextRetrievalService.swift; sourceTree = "<group>"; };
		4057E6A9D0D0E57064592042 /* ContextCaptureServiceTests.swift */ = {isa = PBXFileReference; lastKnownFileType = sourcecode.swift; path = ContextCaptureServiceTests.swift; sourceTree = "<group>"; };
		4752C0C040DE82DE9D7FD5CE /* DiagramFormatTests.swift */ = {isa = PBXFileReference; lastKnownFileType = sourcecode.swift; path = DiagramFormatTests.swift; sourceTree = "<group>"; };
		494DBCA97227E2688BE1B680 /* DiagramFormat.swift */ = {isa = PBXFileReference; lastKnownFileType = sourcecode.swift; path = DiagramFormat.swift; sourceTree = "<group>"; };
		4B7A0505121C9516D7B83EB3 /* ContextSection.swift */ = {isa = PBXFileReference; lastKnownFileType = sourcecode.swift; path = ContextSection.swift; sourceTree = "<group>"; };
		50BD6DCD14A324F7BCA88504 /* AppLifecycleDelegate.swift */ = {isa = PBXFileReference; lastKnownFileType = sourcecode.swift; path = AppLifecycleDelegate.swift; sourceTree = "<group>"; };
		536A02BBFAB8C11AB049EFF7 /* WebNavigationPolicyTests.swift */ = {isa = PBXFileReference; lastKnownFileType = sourcecode.swift; path = WebNavigationPolicyTests.swift; sourceTree = "<group>"; };
		586F11A59BDDC92364E9621D /* ContextRetrievalServiceTests.swift */ = {isa = PBXFileReference; lastKnownFileType = sourcecode.swift; path = ContextRetrievalServiceTests.swift; sourceTree = "<group>"; };
		6B66AB3510BE9C8CB76F77AA /* FileNode.swift */ = {isa = PBXFileReference; lastKnownFileType = sourcecode.swift; path = FileNode.swift; sourceTree = "<group>"; };
		6F1D5481668E9282CD8ED3AB /* ContextCaptureService.swift */ = {isa = PBXFileReference; lastKnownFileType = sourcecode.swift; path = ContextCaptureService.swift; sourceTree = "<group>"; };
		70A804F4674945E90A0E8DDA /* SQLiteContextStoreTests.swift */ = {isa = PBXFileReference; lastKnownFileType = sourcecode.swift; path = SQLiteContextStoreTests.swift; sourceTree = "<group>"; };
		77D034ABF102A2DD79ADE1D9 /* SecurityScopedBookmarkStore.swift */ = {isa = PBXFileReference; lastKnownFileType = sourcecode.swift; path = SecurityScopedBookmarkStore.swift; sourceTree = "<group>"; };
		7921B0E18EB1E08CFBA0CBBC /* DiagramStudioApp.swift */ = {isa = PBXFileReference; lastKnownFileType = sourcecode.swift; path = DiagramStudioApp.swift; sourceTree = "<group>"; };
		7A8B4EFD2DFD21B50697E4B2 /* TabBarView.swift */ = {isa = PBXFileReference; lastKnownFileType = sourcecode.swift; path = TabBarView.swift; sourceTree = "<group>"; };
		829D31D54046FF71C0DC91B9 /* ContextCapture.swift */ = {isa = PBXFileReference; lastKnownFileType = sourcecode.swift; path = ContextCapture.swift; sourceTree = "<group>"; };
		92A1A570857BA0D5E5F3BE3C /* SQLiteContextStore.swift */ = {isa = PBXFileReference; lastKnownFileType = sourcecode.swift; path = SQLiteContextStore.swift; sourceTree = "<group>"; };
		95D317CC1FEBB4CD54DA81BC /* WorkspaceStore.swift */ = {isa = PBXFileReference; lastKnownFileType = sourcecode.swift; path = WorkspaceStore.swift; sourceTree = "<group>"; };
		CA10F8B848DECC3EF69316BE /* BookmarkStoreTests.swift */ = {isa = PBXFileReference; lastKnownFileType = sourcecode.swift; path = BookmarkStoreTests.swift; sourceTree = "<group>"; };
		D270E2FC172C9701CCC121D3 /* WorkspaceView.swift */ = {isa = PBXFileReference; lastKnownFileType = sourcecode.swift; path = WorkspaceView.swift; sourceTree = "<group>"; };
		D2EAB3ECBD0CE9FFFBD683EF /* DiagramStudioUITests.swift */ = {isa = PBXFileReference; lastKnownFileType = sourcecode.swift; path = DiagramStudioUITests.swift; sourceTree = "<group>"; };
		D7B5F9D00D3785E431F46C0E /* BridgeProtocolTests.swift */ = {isa = PBXFileReference; lastKnownFileType = sourcecode.swift; path = BridgeProtocolTests.swift; sourceTree = "<group>"; };
		DA574FAA12A1C0FDA83A561E /* BridgeProtocol.swift */ = {isa = PBXFileReference; lastKnownFileType = sourcecode.swift; path = BridgeProtocol.swift; sourceTree = "<group>"; };
		DD2D37175071D24A62A47B54 /* EditorWebViewController.swift */ = {isa = PBXFileReference; lastKnownFileType = sourcecode.swift; path = EditorWebViewController.swift; sourceTree = "<group>"; };
		E5730C4A9ACD267F69ECD38E /* libsqlite3.tbd */ = {isa = PBXFileReference; lastKnownFileType = "sourcecode.text-based-dylib-definition"; name = libsqlite3.tbd; path = usr/lib/libsqlite3.tbd; sourceTree = SDKROOT; };
		EAB7F192CCA1D4972B28EB8A /* EditorTab.swift */ = {isa = PBXFileReference; lastKnownFileType = sourcecode.swift; path = EditorTab.swift; sourceTree = "<group>"; };
		EFB00097324E1DD88BD544DA /* WorkspaceFileServiceTests.swift */ = {isa = PBXFileReference; lastKnownFileType = sourcecode.swift; path = WorkspaceFileServiceTests.swift; sourceTree = "<group>"; };
		F112C90B8B8789B141975476 /* FolderWatcher.swift */ = {isa = PBXFileReference; lastKnownFileType = sourcecode.swift; path = FolderWatcher.swift; sourceTree = "<group>"; };
		FAE12895FE1C739594BC406F /* EditorWebView.swift */ = {isa = PBXFileReference; lastKnownFileType = sourcecode.swift; path = EditorWebView.swift; sourceTree = "<group>"; };
		FD3D324FD8A77CD9501F1744 /* IntegrationWorkflowTests.swift */ = {isa = PBXFileReference; lastKnownFileType = sourcecode.swift; path = IntegrationWorkflowTests.swift; sourceTree = "<group>"; };
/* End PBXFileReference section */

/* Begin PBXFrameworksBuildPhase section */
		286D954127CB5A89F890B48A /* Frameworks */ = {
			isa = PBXFrameworksBuildPhase;
			buildActionMask = 2147483647;
			files = (
				512CB7A50925589272F666F6 /* libsqlite3.tbd in Frameworks */,
			);
			runOnlyForDeploymentPostprocessing = 0;
		};
/* End PBXFrameworksBuildPhase section */

/* Begin PBXGroup section */
		088781639456880E60A2EEE6 /* DiagramStudio */ = {
			isa = PBXGroup;
			children = (
				50BD6DCD14A324F7BCA88504 /* AppLifecycleDelegate.swift */,
				7921B0E18EB1E08CFBA0CBBC /* DiagramStudioApp.swift */,
				FF9E4A4C87A4CAB5A80D2130 /* Models */,
				FEFB151E6EE609C291EA614E /* Services */,
				EC7B1157A96917625F3A4CBE /* Views */,
			);
			name = DiagramStudio;
			path = DiagramStudio/Sources/DiagramStudio;
			sourceTree = "<group>";
		};
		2D765FE50B61D6F04DECA4A9 /* Frameworks */ = {
			isa = PBXGroup;
			children = (
				E5730C4A9ACD267F69ECD38E /* libsqlite3.tbd */,
			);
			name = Frameworks;
			sourceTree = "<group>";
		};
		2F529FBFF0F0DA4A3F0D0D80 /* DiagramStudioTests */ = {
			isa = PBXGroup;
			children = (
				CA10F8B848DECC3EF69316BE /* BookmarkStoreTests.swift */,
				D7B5F9D00D3785E431F46C0E /* BridgeProtocolTests.swift */,
				4057E6A9D0D0E57064592042 /* ContextCaptureServiceTests.swift */,
				586F11A59BDDC92364E9621D /* ContextRetrievalServiceTests.swift */,
				4752C0C040DE82DE9D7FD5CE /* DiagramFormatTests.swift */,
				FD3D324FD8A77CD9501F1744 /* IntegrationWorkflowTests.swift */,
				70A804F4674945E90A0E8DDA /* SQLiteContextStoreTests.swift */,
				536A02BBFAB8C11AB049EFF7 /* WebNavigationPolicyTests.swift */,
				EFB00097324E1DD88BD544DA /* WorkspaceFileServiceTests.swift */,
				0ADD42A87899F04102144544 /* WorkspaceStoreTests.swift */,
			);
			name = DiagramStudioTests;
			path = DiagramStudio/Tests/DiagramStudioTests;
			sourceTree = "<group>";
		};
		ACE4885151F9054D21FB33B8 = {
			isa = PBXGroup;
			children = (
				0DD5AB6E0F3F537B2FAB6FF0 /* Web */,
				088781639456880E60A2EEE6 /* DiagramStudio */,
				2F529FBFF0F0DA4A3F0D0D80 /* DiagramStudioTests */,
				FBB2A2C41F002A2F20E2A2B1 /* DiagramStudioUITests */,
				2D765FE50B61D6F04DECA4A9 /* Frameworks */,
				B6AFEEF125A669792C6ADB93 /* Products */,
			);
			sourceTree = "<group>";
		};
		B6AFEEF125A669792C6ADB93 /* Products */ = {
			isa = PBXGroup;
			children = (
				0D9A96CAA94E786C383EA3BE /* DiagramStudio.app */,
				0611E7904D11B7941B75B2B9 /* DiagramStudioTests.xctest */,
				0DCAD3752E631F6C5E38DF03 /* DiagramStudioUITests.xctest */,
			);
			name = Products;
			sourceTree = "<group>";
		};
		EC7B1157A96917625F3A4CBE /* Views */ = {
			isa = PBXGroup;
			children = (
				FAE12895FE1C739594BC406F /* EditorWebView.swift */,
				37AA768698AAEF13793ED067 /* FileTreeView.swift */,
				7A8B4EFD2DFD21B50697E4B2 /* TabBarView.swift */,
				D270E2FC172C9701CCC121D3 /* WorkspaceView.swift */,
			);
			path = Views;
			sourceTree = "<group>";
		};
		FBB2A2C41F002A2F20E2A2B1 /* DiagramStudioUITests */ = {
			isa = PBXGroup;
			children = (
				D2EAB3ECBD0CE9FFFBD683EF /* DiagramStudioUITests.swift */,
			);
			name = DiagramStudioUITests;
			path = DiagramStudio/UITests/DiagramStudioUITests;
			sourceTree = "<group>";
		};
		FEFB151E6EE609C291EA614E /* Services */ = {
			isa = PBXGroup;
			children = (
				DA574FAA12A1C0FDA83A561E /* BridgeProtocol.swift */,
				6F1D5481668E9282CD8ED3AB /* ContextCaptureService.swift */,
				3A8CC23ED42087DEDA726539 /* ContextRetrievalService.swift */,
				DD2D37175071D24A62A47B54 /* EditorWebViewController.swift */,
				F112C90B8B8789B141975476 /* FolderWatcher.swift */,
				77D034ABF102A2DD79ADE1D9 /* SecurityScopedBookmarkStore.swift */,
				92A1A570857BA0D5E5F3BE3C /* SQLiteContextStore.swift */,
				1BA36B700B6C8352BDDD8046 /* WorkspaceFileService.swift */,
				95D317CC1FEBB4CD54DA81BC /* WorkspaceStore.swift */,
			);
			path = Services;
			sourceTree = "<group>";
		};
		FF9E4A4C87A4CAB5A80D2130 /* Models */ = {
			isa = PBXGroup;
			children = (
				829D31D54046FF71C0DC91B9 /* ContextCapture.swift */,
				4B7A0505121C9516D7B83EB3 /* ContextSection.swift */,
				494DBCA97227E2688BE1B680 /* DiagramFormat.swift */,
				EAB7F192CCA1D4972B28EB8A /* EditorTab.swift */,
				6B66AB3510BE9C8CB76F77AA /* FileNode.swift */,
			);
			path = Models;
			sourceTree = "<group>";
		};
/* End PBXGroup section */

/* Begin PBXNativeTarget section */
		1530B767D24A3CEADBDCBEAF /* DiagramStudioTests */ = {
			isa = PBXNativeTarget;
			buildConfigurationList = B74A75591346AC082124E323 /* Build configuration list for PBXNativeTarget "DiagramStudioTests" */;
			buildPhases = (
				4003022FC22E6A497C9B6440 /* Sources */,
			);
			buildRules = (
			);
			dependencies = (
				FFEA53798B35686D982C6B02 /* PBXTargetDependency */,
			);
			name = DiagramStudioTests;
			packageProductDependencies = (
			);
			productName = DiagramStudioTests;
			productReference = 0611E7904D11B7941B75B2B9 /* DiagramStudioTests.xctest */;
			productType = "com.apple.product-type.bundle.unit-test";
		};
		EAA5DC110E8B2AD0D5C7BDCC /* DiagramStudioUITests */ = {
			isa = PBXNativeTarget;
			buildConfigurationList = BCACA29B9C874A44B5EDF4BA /* Build configuration list for PBXNativeTarget "DiagramStudioUITests" */;
			buildPhases = (
				91361A90B0F3306195F87731 /* Sources */,
			);
			buildRules = (
			);
			dependencies = (
				D17611294472AF5CBE9D2ECE /* PBXTargetDependency */,
			);
			name = DiagramStudioUITests;
			packageProductDependencies = (
			);
			productName = DiagramStudioUITests;
			productReference = 0DCAD3752E631F6C5E38DF03 /* DiagramStudioUITests.xctest */;
			productType = "com.apple.product-type.bundle.ui-testing";
		};
		FD927BECC14663F946DA7E35 /* DiagramStudio */ = {
			isa = PBXNativeTarget;
			buildConfigurationList = F2D8DA85894C99C6CCC4C40A /* Build configuration list for PBXNativeTarget "DiagramStudio" */;
			buildPhases = (
				FE7E61449ACF4E667B88DD08 /* Build bundled web editor */,
				F4CFA9178081C85D392003D4 /* Sources */,
				1FB16A56B9C0536D21D9853B /* Resources */,
				286D954127CB5A89F890B48A /* Frameworks */,
				4EBE71A815ECDA3D947E587D /* Verify bundled web editor layout */,
			);
			buildRules = (
			);
			dependencies = (
			);
			name = DiagramStudio;
			packageProductDependencies = (
			);
			productName = DiagramStudio;
			productReference = 0D9A96CAA94E786C383EA3BE /* DiagramStudio.app */;
			productType = "com.apple.product-type.application";
		};
/* End PBXNativeTarget section */

/* Begin PBXProject section */
		5A0792586BEF9BAACF029385 /* Project object */ = {
			isa = PBXProject;
			attributes = {
				BuildIndependentTargetsInParallel = YES;
				LastUpgradeCheck = 1430;
				TargetAttributes = {
					EAA5DC110E8B2AD0D5C7BDCC = {
						TestTargetID = FD927BECC14663F946DA7E35;
					};
				};
			};
			buildConfigurationList = 8DA737583C3622E2A5272D44 /* Build configuration list for PBXProject "DiagramStudio" */;
			developmentRegion = en;
			hasScannedForEncodings = 0;
			knownRegions = (
				Base,
				en,
			);
			mainGroup = ACE4885151F9054D21FB33B8;
			minimizedProjectReferenceProxies = 1;
			preferredProjectObjectVersion = 77;
			productRefGroup = B6AFEEF125A669792C6ADB93 /* Products */;
			projectDirPath = "";
			projectRoot = "";
			targets = (
				FD927BECC14663F946DA7E35 /* DiagramStudio */,
				1530B767D24A3CEADBDCBEAF /* DiagramStudioTests */,
				EAA5DC110E8B2AD0D5C7BDCC /* DiagramStudioUITests */,
			);
		};
/* End PBXProject section */

/* Begin PBXResourcesBuildPhase section */
		1FB16A56B9C0536D21D9853B /* Resources */ = {
			isa = PBXResourcesBuildPhase;
			buildActionMask = 2147483647;
			files = (
				509D8CBCD6CB7A3EE03FF7F6 /* Web in Resources */,
			);
			runOnlyForDeploymentPostprocessing = 0;
		};
/* End PBXResourcesBuildPhase section */

/* Begin PBXShellScriptBuildPhase section */
		4EBE71A815ECDA3D947E587D /* Verify bundled web editor layout */ = {
			isa = PBXShellScriptBuildPhase;
			alwaysOutOfDate = 1;
			buildActionMask = 2147483647;
			files = (
			);
			inputFileListPaths = (
			);
			inputPaths = (
			);
			name = "Verify bundled web editor layout";
			outputFileListPaths = (
			);
			outputPaths = (
			);
			runOnlyForDeploymentPostprocessing = 0;
			shellPath = /bin/sh;
			shellScript = "set -eu\nweb_root=\"$TARGET_BUILD_DIR/$UNLOCALIZED_RESOURCES_FOLDER_PATH/Web\"\ntest -f \"$web_root/index.html\"\ntest -d \"$web_root/assets\"\ntest -n \"$(find \"$web_root/assets\" -name 'index-*.js' -print -quit)\"\ntest -n \"$(find \"$web_root/assets\" -name 'index-*.css' -print -quit)\"\n! grep -q 'type=\"module\"' \"$web_root/index.html\"\n! grep -q 'crossorigin' \"$web_root/index.html\"\ngrep -q '<script defer ' \"$web_root/index.html\"\n";
		};
		FE7E61449ACF4E667B88DD08 /* Build bundled web editor */ = {
			isa = PBXShellScriptBuildPhase;
			alwaysOutOfDate = 1;
			buildActionMask = 2147483647;
			files = (
			);
			inputFileListPaths = (
			);
			inputPaths = (
			);
			name = "Build bundled web editor";
			outputFileListPaths = (
			);
			outputPaths = (
			);
			runOnlyForDeploymentPostprocessing = 0;
			shellPath = /bin/sh;
			shellScript = "scripts/build-web-assets.sh";
		};
/* End PBXShellScriptBuildPhase section */

/* Begin PBXSourcesBuildPhase section */
		4003022FC22E6A497C9B6440 /* Sources */ = {
			isa = PBXSourcesBuildPhase;
			buildActionMask = 2147483647;
			files = (
				56A69E0D853F7FCF96FFBCB7 /* BookmarkStoreTests.swift in Sources */,
				69EBBD8E947204C7A01A94AE /* BridgeProtocolTests.swift in Sources */,
				697FF4C44651A6CF3ACB5B7D /* ContextCaptureServiceTests.swift in Sources */,
				02F29B388BCDBE62DE4D9BA9 /* ContextRetrievalServiceTests.swift in Sources */,
				DF52ECB870ADCEE4733D5B1E /* DiagramFormatTests.swift in Sources */,
				BBAF34BAC80AD453726B7AAF /* IntegrationWorkflowTests.swift in Sources */,
				281430495EBCF38FA09E19B2 /* SQLiteContextStoreTests.swift in Sources */,
				2429BF8B883D21D846F91E67 /* WebNavigationPolicyTests.swift in Sources */,
				4A6EA784FF16880EB0CE8620 /* WorkspaceFileServiceTests.swift in Sources */,
				5F1949031D70097E4F991A83 /* WorkspaceStoreTests.swift in Sources */,
			);
			runOnlyForDeploymentPostprocessing = 0;
		};
		91361A90B0F3306195F87731 /* Sources */ = {
			isa = PBXSourcesBuildPhase;
			buildActionMask = 2147483647;
			files = (
				7A2EA674AE5C827D85ED5BB4 /* DiagramStudioUITests.swift in Sources */,
			);
			runOnlyForDeploymentPostprocessing = 0;
		};
		F4CFA9178081C85D392003D4 /* Sources */ = {
			isa = PBXSourcesBuildPhase;
			buildActionMask = 2147483647;
			files = (
				EAC7A6886A6E30F7DC76E76D /* AppLifecycleDelegate.swift in Sources */,
				B3E91E9C373085716B72A168 /* BridgeProtocol.swift in Sources */,
				D8AFC32B7EAFECE858B69D46 /* ContextCapture.swift in Sources */,
				80DD1F5AF3D16ED7FCE0478F /* ContextCaptureService.swift in Sources */,
				6D109E26625E5CC1D4F4589A /* ContextRetrievalService.swift in Sources */,
				54D0DA53E6BDBF3682EAA15F /* ContextSection.swift in Sources */,
				4B4ECB3526FCF1E3FB4AD5DC /* DiagramFormat.swift in Sources */,
				27D4B4DBEE3EB356EDC6913A /* DiagramStudioApp.swift in Sources */,
				6F1169368F8AAB1E003CFFF9 /* EditorTab.swift in Sources */,
				29CEFB57A6EED824AA4EB65F /* EditorWebView.swift in Sources */,
				A7FD66A16768C73B6ABB4AE9 /* EditorWebViewController.swift in Sources */,
				20F0985950844D091048A3B7 /* FileNode.swift in Sources */,
				559B24A65594EE55590F2CB7 /* FileTreeView.swift in Sources */,
				85294D78D69EB9759896DB4E /* FolderWatcher.swift in Sources */,
				87D94A52A87DD30B30352636 /* SQLiteContextStore.swift in Sources */,
				AEDE2A2E258DC2802ADE25C1 /* SecurityScopedBookmarkStore.swift in Sources */,
				8B49F54F0AA1FC8646DC708E /* TabBarView.swift in Sources */,
				ADC19B2FC82C077BBA358CA2 /* WorkspaceFileService.swift in Sources */,
				890A5B59E02D8C9D5B5A8748 /* WorkspaceStore.swift in Sources */,
				AC49239BEC7D7A89E999F1C4 /* WorkspaceView.swift in Sources */,
			);
			runOnlyForDeploymentPostprocessing = 0;
		};
/* End PBXSourcesBuildPhase section */

/* Begin PBXTargetDependency section */
		D17611294472AF5CBE9D2ECE /* PBXTargetDependency */ = {
			isa = PBXTargetDependency;
			target = FD927BECC14663F946DA7E35 /* DiagramStudio */;
			targetProxy = B539362B9ACCBB4474C36B80 /* PBXContainerItemProxy */;
		};
		FFEA53798B35686D982C6B02 /* PBXTargetDependency */ = {
			isa = PBXTargetDependency;
			target = FD927BECC14663F946DA7E35 /* DiagramStudio */;
			targetProxy = B434C6AFDDE3BB5BCF73FF1C /* PBXContainerItemProxy */;
		};
/* End PBXTargetDependency section */

/* Begin XCBuildConfiguration section */
		001DB172D31851B6F04413F8 /* Release */ = {
			isa = XCBuildConfiguration;
			buildSettings = {
				BUNDLE_LOADER = "$(TEST_HOST)";
				COMBINE_HIDPI_IMAGES = YES;
				GENERATE_INFOPLIST_FILE = YES;
				LD_RUNPATH_SEARCH_PATHS = (
					"$(inherited)",
					"@executable_path/../Frameworks",
					"@loader_path/../Frameworks",
				);
				SDKROOT = macosx;
				TEST_HOST = "$(BUILT_PRODUCTS_DIR)/DiagramStudio.app/Contents/MacOS/DiagramStudio";
			};
			name = Release;
		};
		1EF6010C022ADE80863E9932 /* Release */ = {
			isa = XCBuildConfiguration;
			buildSettings = {
				BUNDLE_LOADER = "$(TEST_HOST)";
				COMBINE_HIDPI_IMAGES = YES;
				GENERATE_INFOPLIST_FILE = YES;
				LD_RUNPATH_SEARCH_PATHS = (
					"$(inherited)",
					"@executable_path/Frameworks",
					"@loader_path/Frameworks",
				);
				SDKROOT = macosx;
				TEST_TARGET_NAME = DiagramStudio;
			};
			name = Release;
		};
		5892236BDF7BA17BA3A2FF69 /* Release */ = {
			isa = XCBuildConfiguration;
			buildSettings = {
				ALWAYS_SEARCH_USER_PATHS = NO;
				CLANG_ANALYZER_NONNULL = YES;
				CLANG_ANALYZER_NUMBER_OBJECT_CONVERSION = YES_AGGRESSIVE;
				CLANG_CXX_LANGUAGE_STANDARD = "gnu++14";
				CLANG_CXX_LIBRARY = "libc++";
				CLANG_ENABLE_MODULES = YES;
				CLANG_ENABLE_OBJC_ARC = YES;
				CLANG_ENABLE_OBJC_WEAK = YES;
				CLANG_WARN_BLOCK_CAPTURE_AUTORELEASING = YES;
				CLANG_WARN_BOOL_CONVERSION = YES;
				CLANG_WARN_COMMA = YES;
				CLANG_WARN_CONSTANT_CONVERSION = YES;
				CLANG_WARN_DEPRECATED_OBJC_IMPLEMENTATIONS = YES;
				CLANG_WARN_DIRECT_OBJC_ISA_USAGE = YES_ERROR;
				CLANG_WARN_DOCUMENTATION_COMMENTS = YES;
				CLANG_WARN_EMPTY_BODY = YES;
				CLANG_WARN_ENUM_CONVERSION = YES;
				CLANG_WARN_INFINITE_RECURSION = YES;
				CLANG_WARN_INT_CONVERSION = YES;
				CLANG_WARN_NON_LITERAL_NULL_CONVERSION = YES;
				CLANG_WARN_OBJC_IMPLICIT_RETAIN_SELF = YES;
				CLANG_WARN_OBJC_LITERAL_CONVERSION = YES;
				CLANG_WARN_OBJC_ROOT_CLASS = YES_ERROR;
				CLANG_WARN_QUOTED_INCLUDE_IN_FRAMEWORK_HEADER = YES;
				CLANG_WARN_RANGE_LOOP_ANALYSIS = YES;
				CLANG_WARN_STRICT_PROTOTYPES = YES;
				CLANG_WARN_SUSPICIOUS_MOVE = YES;
				CLANG_WARN_UNGUARDED_AVAILABILITY = YES_AGGRESSIVE;
				CLANG_WARN_UNREACHABLE_CODE = YES;
				CLANG_WARN__DUPLICATE_METHOD_MATCH = YES;
				COPY_PHASE_STRIP = NO;
				DEBUG_INFORMATION_FORMAT = "dwarf-with-dsym";
				ENABLE_NS_ASSERTIONS = NO;
				ENABLE_STRICT_OBJC_MSGSEND = YES;
				GCC_C_LANGUAGE_STANDARD = gnu11;
				GCC_NO_COMMON_BLOCKS = YES;
				GCC_WARN_64_TO_32_BIT_CONVERSION = YES;
				GCC_WARN_ABOUT_RETURN_TYPE = YES_ERROR;
				GCC_WARN_UNDECLARED_SELECTOR = YES;
				GCC_WARN_UNINITIALIZED_AUTOS = YES_AGGRESSIVE;
				GCC_WARN_UNUSED_FUNCTION = YES;
				GCC_WARN_UNUSED_VARIABLE = YES;
				MACOSX_DEPLOYMENT_TARGET = 14.0;
				MTL_ENABLE_DEBUG_INFO = NO;
				MTL_FAST_MATH = YES;
				PRODUCT_NAME = "$(TARGET_NAME)";
				SDKROOT = macosx;
				SWIFT_COMPILATION_MODE = wholemodule;
				SWIFT_OPTIMIZATION_LEVEL = "-O";
				SWIFT_VERSION = 6.0;
			};
			name = Release;
		};
		80FBD93F529583241936B40D /* Debug */ = {
			isa = XCBuildConfiguration;
			buildSettings = {
				BUNDLE_LOADER = "$(TEST_HOST)";
				COMBINE_HIDPI_IMAGES = YES;
				GENERATE_INFOPLIST_FILE = YES;
				LD_RUNPATH_SEARCH_PATHS = (
					"$(inherited)",
					"@executable_path/../Frameworks",
					"@loader_path/../Frameworks",
				);
				SDKROOT = macosx;
				TEST_HOST = "$(BUILT_PRODUCTS_DIR)/DiagramStudio.app/Contents/MacOS/DiagramStudio";
			};
			name = Debug;
		};
		84040650A553CD7CB39F8A19 /* Release */ = {
			isa = XCBuildConfiguration;
			buildSettings = {
				ASSETCATALOG_COMPILER_APPICON_NAME = AppIcon;
				CODE_SIGN_ENTITLEMENTS = DiagramStudio/DiagramStudio.entitlements;
				COMBINE_HIDPI_IMAGES = YES;
				ENABLE_APP_SANDBOX = YES;
				ENABLE_HARDENED_RUNTIME = YES;
				GENERATE_INFOPLIST_FILE = YES;
				INFOPLIST_KEY_LSApplicationCategoryType = "public.app-category.developer-tools";
				LD_RUNPATH_SEARCH_PATHS = (
					"$(inherited)",
					"@executable_path/../Frameworks",
				);
				PRODUCT_BUNDLE_IDENTIFIER = com.harlanshober.DiagramStudio;
				SDKROOT = macosx;
			};
			name = Release;
		};
		A3C8C89B452A8208A64A154A /* Debug */ = {
			isa = XCBuildConfiguration;
			buildSettings = {
				BUNDLE_LOADER = "$(TEST_HOST)";
				COMBINE_HIDPI_IMAGES = YES;
				GENERATE_INFOPLIST_FILE = YES;
				LD_RUNPATH_SEARCH_PATHS = (
					"$(inherited)",
					"@executable_path/Frameworks",
					"@loader_path/Frameworks",
				);
				SDKROOT = macosx;
				TEST_TARGET_NAME = DiagramStudio;
			};
			name = Debug;
		};
		A3CF4766F4F1084404C0F7D0 /* Debug */ = {
			isa = XCBuildConfiguration;
			buildSettings = {
				ASSETCATALOG_COMPILER_APPICON_NAME = AppIcon;
				CODE_SIGN_ENTITLEMENTS = DiagramStudio/DiagramStudio.entitlements;
				COMBINE_HIDPI_IMAGES = YES;
				ENABLE_APP_SANDBOX = YES;
				ENABLE_HARDENED_RUNTIME = YES;
				GENERATE_INFOPLIST_FILE = YES;
				INFOPLIST_KEY_LSApplicationCategoryType = "public.app-category.developer-tools";
				LD_RUNPATH_SEARCH_PATHS = (
					"$(inherited)",
					"@executable_path/../Frameworks",
				);
				PRODUCT_BUNDLE_IDENTIFIER = com.harlanshober.DiagramStudio;
				SDKROOT = macosx;
			};
			name = Debug;
		};
		ACF2043E367B2E43E45B2882 /* Debug */ = {
			isa = XCBuildConfiguration;
			buildSettings = {
				ALWAYS_SEARCH_USER_PATHS = NO;
				CLANG_ANALYZER_NONNULL = YES;
				CLANG_ANALYZER_NUMBER_OBJECT_CONVERSION = YES_AGGRESSIVE;
				CLANG_CXX_LANGUAGE_STANDARD = "gnu++14";
				CLANG_CXX_LIBRARY = "libc++";
				CLANG_ENABLE_MODULES = YES;
				CLANG_ENABLE_OBJC_ARC = YES;
				CLANG_ENABLE_OBJC_WEAK = YES;
				CLANG_WARN_BLOCK_CAPTURE_AUTORELEASING = YES;
				CLANG_WARN_BOOL_CONVERSION = YES;
				CLANG_WARN_COMMA = YES;
				CLANG_WARN_CONSTANT_CONVERSION = YES;
				CLANG_WARN_DEPRECATED_OBJC_IMPLEMENTATIONS = YES;
				CLANG_WARN_DIRECT_OBJC_ISA_USAGE = YES_ERROR;
				CLANG_WARN_DOCUMENTATION_COMMENTS = YES;
				CLANG_WARN_EMPTY_BODY = YES;
				CLANG_WARN_ENUM_CONVERSION = YES;
				CLANG_WARN_INFINITE_RECURSION = YES;
				CLANG_WARN_INT_CONVERSION = YES;
				CLANG_WARN_NON_LITERAL_NULL_CONVERSION = YES;
				CLANG_WARN_OBJC_IMPLICIT_RETAIN_SELF = YES;
				CLANG_WARN_OBJC_LITERAL_CONVERSION = YES;
				CLANG_WARN_OBJC_ROOT_CLASS = YES_ERROR;
				CLANG_WARN_QUOTED_INCLUDE_IN_FRAMEWORK_HEADER = YES;
				CLANG_WARN_RANGE_LOOP_ANALYSIS = YES;
				CLANG_WARN_STRICT_PROTOTYPES = YES;
				CLANG_WARN_SUSPICIOUS_MOVE = YES;
				CLANG_WARN_UNGUARDED_AVAILABILITY = YES_AGGRESSIVE;
				CLANG_WARN_UNREACHABLE_CODE = YES;
				CLANG_WARN__DUPLICATE_METHOD_MATCH = YES;
				COPY_PHASE_STRIP = NO;
				DEBUG_INFORMATION_FORMAT = dwarf;
				ENABLE_STRICT_OBJC_MSGSEND = YES;
				ENABLE_TESTABILITY = YES;
				GCC_C_LANGUAGE_STANDARD = gnu11;
				GCC_DYNAMIC_NO_PIC = NO;
				GCC_NO_COMMON_BLOCKS = YES;
				GCC_OPTIMIZATION_LEVEL = 0;
				GCC_PREPROCESSOR_DEFINITIONS = (
					"$(inherited)",
					"DEBUG=1",
				);
				GCC_WARN_64_TO_32_BIT_CONVERSION = YES;
				GCC_WARN_ABOUT_RETURN_TYPE = YES_ERROR;
				GCC_WARN_UNDECLARED_SELECTOR = YES;
				GCC_WARN_UNINITIALIZED_AUTOS = YES_AGGRESSIVE;
				GCC_WARN_UNUSED_FUNCTION = YES;
				GCC_WARN_UNUSED_VARIABLE = YES;
				MACOSX_DEPLOYMENT_TARGET = 14.0;
				MTL_ENABLE_DEBUG_INFO = INCLUDE_SOURCE;
				MTL_FAST_MATH = YES;
				ONLY_ACTIVE_ARCH = YES;
				PRODUCT_NAME = "$(TARGET_NAME)";
				SDKROOT = macosx;
				SWIFT_ACTIVE_COMPILATION_CONDITIONS = DEBUG;
				SWIFT_OPTIMIZATION_LEVEL = "-Onone";
				SWIFT_VERSION = 6.0;
			};
			name = Debug;
		};
/* End XCBuildConfiguration section */

/* Begin XCConfigurationList section */
		8DA737583C3622E2A5272D44 /* Build configuration list for PBXProject "DiagramStudio" */ = {
			isa = XCConfigurationList;
			buildConfigurations = (
				ACF2043E367B2E43E45B2882 /* Debug */,
				5892236BDF7BA17BA3A2FF69 /* Release */,
			);
			defaultConfigurationIsVisible = 0;
			defaultConfigurationName = Debug;
		};
		B74A75591346AC082124E323 /* Build configuration list for PBXNativeTarget "DiagramStudioTests" */ = {
			isa = XCConfigurationList;
			buildConfigurations = (
				80FBD93F529583241936B40D /* Debug */,
				001DB172D31851B6F04413F8 /* Release */,
			);
			defaultConfigurationIsVisible = 0;
			defaultConfigurationName = Debug;
		};
		BCACA29B9C874A44B5EDF4BA /* Build configuration list for PBXNativeTarget "DiagramStudioUITests" */ = {
			isa = XCConfigurationList;
			buildConfigurations = (
				A3C8C89B452A8208A64A154A /* Debug */,
				1EF6010C022ADE80863E9932 /* Release */,
			);
			defaultConfigurationIsVisible = 0;
			defaultConfigurationName = Debug;
		};
		F2D8DA85894C99C6CCC4C40A /* Build configuration list for PBXNativeTarget "DiagramStudio" */ = {
			isa = XCConfigurationList;
			buildConfigurations = (
				A3CF4766F4F1084404C0F7D0 /* Debug */,
				84040650A553CD7CB39F8A19 /* Release */,
			);
			defaultConfigurationIsVisible = 0;
			defaultConfigurationName = Debug;
		};
/* End XCConfigurationList section */
	};
	rootObject = 5A0792586BEF9BAACF029385 /* Project object */;
}
